
Microsoft Visual Studio Solution File, Format Version 12.00
# Visual Studio Version 17
VisualStudioVersion = 17.3.32819.101
MinimumVisualStudioVersion = 10.0.40219.1
Project("{FAE04EC0-301F-11D3-BF4B-00C04F79EFBC}") = "gitapp", "gitapp\gitapp.csproj", "{433B65A3-DE80-49BB-AB5E-3F0D4BC85DA3}"
EndProject
Global
	GlobalSection(SolutionConfigurationPlatforms) = preSolution
		Debug|Any CPU = Debug|Any CPU
		Release|Any CPU = Release|Any CPU
	EndGlobalSection
	GlobalSection(ProjectConfigurationPlatforms) = postSolution
		{433B65A3-DE80-49BB-AB5E-3F0D4BC85DA3}.Debug|Any CPU.ActiveCfg = Debug|Any CPU
		{433B65A3-DE80-49BB-AB5E-3F0D4BC85DA3}.Debug|Any CPU.Build.0 = Debug|Any CPU
		{433B65A3-DE80-49BB-AB5E-3F0D4BC85DA3}.Release|Any CPU.ActiveCfg = Release|Any CPU
		{433B65A3-DE80-49BB-AB5E-3F0D4BC85DA3}.Release|Any CPU.Build.0 = Release|Any CPU
	EndGlobalSection
	GlobalSection(SolutionProperties) = preSolution
		HideSolutionNode = FALSE
	EndGlobalSection
	GlobalSection(ExtensibilityGlobals) = postSolution
		SolutionGuid = {1D958594-DA32-470C-895C-AB2A344CC1D0}
	EndGlobalSection
EndGlobal
